{
  "requires": true,
  "lockfileVersion": 1,
  "dependencies": {
    "jquery-waypoints": {
      "version": "2.0.5",
      "resolved": "https://registry.npmjs.org/jquery-waypoints/-/jquery-waypoints-2.0.5.tgz",
      "integrity": "sha1-wwKxiOKVftdjCYeTMEp2NWru7gQ="
    },
    "waypoints": {
      "version": "4.0.1",
      "resolved": "https://registry.npmjs.org/waypoints/-/waypoints-4.0.1.tgz",
      "integrity": "sha1-CZeaBXOBCylifLpDZqKEoGLsacg="
    }
  }
}
