
Microsoft Visual Studio Solution File, Format Version 12.00
# Visual Studio Version 16
VisualStudioVersion = 16.0.29306.81
MinimumVisualStudioVersion = 10.0.40219.1
Project("{FAE04EC0-301F-11D3-BF4B-00C04F79EFBC}") = "TravelExperts-Web", "TravelExperts\TravelExperts-Web.csproj", "{BDD32A8B-92DE-4757-A50D-7A8A631F2219}"
EndProject
Project("{FAE04EC0-301F-11D3-BF4B-00C04F79EFBC}") = "Data", "Data\Data.csproj", "{B4D286F8-C110-4A40-B665-8B279B3AA058}"
EndProject
Project("{FAE04EC0-301F-11D3-BF4B-00C04F79EFBC}") = "TravelExperts-Desktop", "TravelExperts-Desktop\TravelExperts-Desktop.csproj", "{8D111455-DBE4-4172-890E-D12A2B172F43}"
EndProject
Global
	GlobalSection(SolutionConfigurationPlatforms) = preSolution
		Debug|Any CPU = Debug|Any CPU
		Release|Any CPU = Release|Any CPU
	EndGlobalSection
	GlobalSection(ProjectConfigurationPlatforms) = postSolution
		{BDD32A8B-92DE-4757-A50D-7A8A631F2219}.Debug|Any CPU.ActiveCfg = Debug|Any CPU
		{BDD32A8B-92DE-4757-A50D-7A8A631F2219}.Debug|Any CPU.Build.0 = Debug|Any CPU
		{BDD32A8B-92DE-4757-A50D-7A8A631F2219}.Release|Any CPU.ActiveCfg = Release|Any CPU
		{BDD32A8B-92DE-4757-A50D-7A8A631F2219}.Release|Any CPU.Build.0 = Release|Any CPU
		{B4D286F8-C110-4A40-B665-8B279B3AA058}.Debug|Any CPU.ActiveCfg = Debug|Any CPU
		{B4D286F8-C110-4A40-B665-8B279B3AA058}.Debug|Any CPU.Build.0 = Debug|Any CPU
		{B4D286F8-C110-4A40-B665-8B279B3AA058}.Release|Any CPU.ActiveCfg = Release|Any CPU
		{B4D286F8-C110-4A40-B665-8B279B3AA058}.Release|Any CPU.Build.0 = Release|Any CPU
		{8D111455-DBE4-4172-890E-D12A2B172F43}.Debug|Any CPU.ActiveCfg = Debug|Any CPU
		{8D111455-DBE4-4172-890E-D12A2B172F43}.Debug|Any CPU.Build.0 = Debug|Any CPU
		{8D111455-DBE4-4172-890E-D12A2B172F43}.Release|Any CPU.ActiveCfg = Release|Any CPU
		{8D111455-DBE4-4172-890E-D12A2B172F43}.Release|Any CPU.Build.0 = Release|Any CPU
	EndGlobalSection
	GlobalSection(SolutionProperties) = preSolution
		HideSolutionNode = FALSE
	EndGlobalSection
	GlobalSection(ExtensibilityGlobals) = postSolution
		SolutionGuid = {3F9F4FC7-6545-4CAB-9B6C-A040198A8BF7}
	EndGlobalSection
EndGlobal
